Microsoft Visual Studio Solution File, Format Version 12.00
# Visual Studio 15
VisualStudioVersion = 15.0.28307.168
MinimumVisualStudioVersion = 10.0.40219.1
Project("{F184B08F-C81C-45F6-A57F-5ABD9991F28F}") = "StandaloneCustomForm", "StandaloneCustForm\StandaloneCustomForm.vbproj", "{F67C5109-9898-49CE-8C12-132AA1BEC2FA}"
EndProject
Global
	GlobalSection(SolutionConfigurationPlatforms) = preSolution
		Debug|Any CPU = Debug|Any CPU
		Debug|x86 = Debug|x86
		Release|Any CPU = Release|Any CPU
		Release|x86 = Release|x86
	EndGlobalSection
	GlobalSection(ProjectConfigurationPlatforms) = postSolution
		{F67C5109-9898-49CE-8C12-132AA1BEC2FA}.Debug|Any CPU.ActiveCfg = Debug|Any CPU
		{F67C5109-9898-49CE-8C12-132AA1BEC2FA}.Debug|Any CPU.Build.0 = Debug|Any CPU
		{F67C5109-9898-49CE-8C12-132AA1BEC2FA}.Debug|x86.ActiveCfg = Debug|x86
		{F67C5109-9898-49CE-8C12-132AA1BEC2FA}.Debug|x86.Build.0 = Debug|x86
		{F67C5109-9898-49CE-8C12-132AA1BEC2FA}.Release|Any CPU.ActiveCfg = Release|Any CPU
		{F67C5109-9898-49CE-8C12-132AA1BEC2FA}.Release|Any CPU.Build.0 = Release|Any CPU
		{F67C5109-9898-49CE-8C12-132AA1BEC2FA}.Release|x86.ActiveCfg = Release|x86
		{F67C5109-9898-49CE-8C12-132AA1BEC2FA}.Release|x86.Build.0 = Release|x86
	EndGlobalSection
	GlobalSection(SolutionProperties) = preSolution
		HideSolutionNode = FALSE
	EndGlobalSection
	GlobalSection(ExtensibilityGlobals) = postSolution
		SolutionGuid = {313AC32D-D11E-48FF-8EAB-1CCB02033FC3}
	EndGlobalSection
EndGlobal
